
Microsoft Visual Studio Solution File, Format Version 12.00
# Visual Studio Version 17
VisualStudioVersion = 17.5.33424.131
MinimumVisualStudioVersion = 10.0.40219.1
Project("{FAE04EC0-301F-11D3-BF4B-00C04F79EFBC}") = "Project", "Project.csproj", "{531E9FD8-6258-4C32-B29E-FBE4D1610585}"
EndProject
Global
	GlobalSection(SolutionConfigurationPlatforms) = preSolution
		Debug|Any CPU = Debug|Any CPU
		Release|Any CPU = Release|Any CPU
	EndGlobalSection
	GlobalSection(ProjectConfigurationPlatforms) = postSolution
		{531E9FD8-6258-4C32-B29E-FBE4D1610585}.Debug|Any CPU.ActiveCfg = Debug|Any CPU
		{531E9FD8-6258-4C32-B29E-FBE4D1610585}.Debug|Any CPU.Build.0 = Debug|Any CPU
		{531E9FD8-6258-4C32-B29E-FBE4D1610585}.Release|Any CPU.ActiveCfg = Release|Any CPU
		{531E9FD8-6258-4C32-B29E-FBE4D1610585}.Release|Any CPU.Build.0 = Release|Any CPU
	EndGlobalSection
	GlobalSection(SolutionProperties) = preSolution
		HideSolutionNode = FALSE
	EndGlobalSection
	GlobalSection(ExtensibilityGlobals) = postSolution
		SolutionGuid = {FDAE8C74-0C7B-4FE1-9DD0-CBDAFC42D16B}
	EndGlobalSection
EndGlobal
